{
    "_readme": [
        "This file locks the dependencies of your project to a known state",
        "Read more about it at https://getcomposer.org/doc/01-basic-usage.md#composer-lock-the-lock-file",
        "This file is @generated automatically"
    ],
    "content-hash": "b91a9afe34768dd8e18f69749a9e3f4b",
    "packages": [
        {
            "name": "evanwashkow/php-libraries",
            "version": "0.1.0",
            "source": {
                "type": "git",
                "url": "https://github.com/EvanWashkow/php-libraries.git",
                "reference": "0dfd327b6fa76f2de16035b4a4ab38719832f3e3"
            },
            "dist": {
                "type": "zip",
                "url": "https://api.github.com/repos/EvanWashkow/php-libraries/zipball/0dfd327b6fa76f2de16035b4a4ab38719832f3e3",
                "reference": "0dfd327b6fa76f2de16035b4a4ab38719832f3e3",
                "shasum": ""
            },
            "require": {
                "php": ">=5.4"
            },
            "type": "library",
            "autoload": {
                "psr-4": {
                    "PHP\\": "src/PHP/"
                }
            },
            "license": [
                "GPL-3.0-or-later"
            ],
            "authors": [
                {
                    "name": "Evan Washkow",
                    "email": "epwashkow@gmail.com",
                    "role": "Developer"
                }
            ],
            "description": "Foundational shared libraries for PHP",
            "support": {
                "source": "https://github.com/EvanWashkow/php-libraries/tree/0.1.0",
                "issues": "https://github.com/EvanWashkow/php-libraries/issues"
            },
            "time": "2018-02-15T04:37:18+00:00"
        },
        {
            "name": "evanwashkow/php-utilities",
            "version": "0.1.0",
            "source": {
                "type": "git",
                "url": "https://github.com/EvanWashkow/php-utilities.git",
                "reference": "96a2251f0f88c89d457f54a8794fbcff5ba2c515"
            },
            "dist": {
                "type": "zip",
                "url": "https://api.github.com/repos/EvanWashkow/php-utilities/zipball/96a2251f0f88c89d457f54a8794fbcff5ba2c515",
                "reference": "96a2251f0f88c89d457f54a8794fbcff5ba2c515",
                "shasum": ""
            },
            "require": {
                "php": ">=5.4"
            },
            "type": "library",
            "autoload": {
                "psr-4": {
                    "PHP\\": "src/PHP/"
                }
            },
            "license": [
                "GPL-3.0-or-later"
            ],
            "authors": [
                {
                    "name": "Evan Washkow",
                    "email": "epwashkow@gmail.com",
                    "role": "Developer"
                }
            ],
            "description": "Foundational shared utilities for PHP",
            "support": {
                "source": "https://github.com/EvanWashkow/php-utilities/tree/0.1.0",
                "issues": "https://github.com/EvanWashkow/php-utilities/issues"
            },
            "time": "2018-02-15T04:58:05+00:00"
        }
    ],
    "packages-dev": [],
    "aliases": [],
    "minimum-stability": "stable",
    "stability-flags": [],
    "prefer-stable": false,
    "prefer-lowest": false,
    "platform": {
        "php": ">=5.4"
    },
    "platform-dev": []
}
