{
    "_readme": [
        "This file locks the dependencies of your project to a known state",
        "Read more about it at https://getcomposer.org/doc/01-basic-usage.md#composer-lock-the-lock-file",
        "This file is @generated automatically"
    ],
    "content-hash": "07373b583d1334d7e35bd44660ea60f1",
    "packages": [
        {
            "name": "evanwashkow/php-libraries",
            "version": "0.3.2",
            "source": {
                "type": "git",
                "url": "https://github.com/EvanWashkow/php-libraries.git",
                "reference": "4beccb3dad66998fc3e2b5bb5a664bdca45e9005"
            },
            "dist": {
                "type": "zip",
                "url": "https://api.github.com/repos/EvanWashkow/php-libraries/zipball/4beccb3dad66998fc3e2b5bb5a664bdca45e9005",
                "reference": "4beccb3dad66998fc3e2b5bb5a664bdca45e9005",
                "shasum": ""
            },
            "require": {
                "php": ">=7.0"
            },
            "type": "library",
            "autoload": {
                "files": [
                    "PHP/functions.php"
                ],
                "psr-4": {
                    "PHP\\": "PHP/"
                }
            },
            "license": [
                "GPL-3.0-or-later"
            ],
            "authors": [
                {
                    "name": "Evan Washkow",
                    "email": "epwashkow@gmail.com",
                    "role": "Developer"
                }
            ],
            "description": "Foundational shared libraries for PHP",
            "support": {
                "source": "https://github.com/EvanWashkow/php-libraries/tree/0.3.2",
                "issues": "https://github.com/EvanWashkow/php-libraries/issues"
            },
            "time": "2018-03-21T19:51:48+00:00"
        }
    ],
    "packages-dev": [],
    "aliases": [],
    "minimum-stability": "stable",
    "stability-flags": [],
    "prefer-stable": false,
    "prefer-lowest": false,
    "platform": {
        "php": ">=7.0"
    },
    "platform-dev": []
}
